{
  "version": 4,
  "terraform_version": "1.4.6",
  "serial": 18,
  "lineage": "8d8ad6c3-a80e-e2f8-1cfb-cd82d725d23f",
  "outputs": {},
  "resources": [
    {
      "module": "module.cloud_function",
      "mode": "data",
      "type": "archive_file",
      "name": "source",
      "provider": "provider[\"registry.terraform.io/hashicorp/archive\"]",
      "instances": [
        {
          "schema_version": 0,
          "attributes": {
            "excludes": null,
            "id": "486c4a5916b8a50f08cc2baae328597333e1b935",
            "output_base64sha256": "BIiEd5S48/96c9jUU1xTLcn1e8Cshu61mGLs61+kO1o=",
            "output_file_mode": null,
            "output_md5": "83d5757e5e276071fb0e212ebc81bd19",
            "output_path": "./tmp/function.zip",
            "output_sha": "486c4a5916b8a50f08cc2baae328597333e1b935",
            "output_size": 417,
            "source": [],
            "source_content": null,
            "source_content_filename": null,
            "source_dir": "./src",
            "source_file": null,
            "type": "zip"
          },
          "sensitive_attributes": []
        }
      ]
    },
    {
      "module": "module.cloud_function",
      "mode": "managed",
      "type": "google_storage_bucket_object",
      "name": "zip",
      "provider": "provider[\"registry.terraform.io/hashicorp/google\"]",
      "instances": [
        {
          "schema_version": 0,
          "attributes": {
            "bucket": "gcp-function-terraform-bucket",
            "cache_control": "",
            "content": null,
            "content_disposition": "",
            "content_encoding": "",
            "content_language": "",
            "content_type": "application/zip",
            "crc32c": "/7UhIA==",
            "customer_encryption": [],
            "detect_md5hash": "g9V1fl4nYHH7DiEuvIG9GQ==",
            "event_based_hold": false,
            "id": "gcp-function-terraform-bucket-src-83d5757e5e276071fb0e212ebc81bd19.zip",
            "kms_key_name": "",
            "md5hash": "g9V1fl4nYHH7DiEuvIG9GQ==",
            "media_link": "https://storage.googleapis.com/download/storage/v1/b/gcp-function-terraform-bucket/o/src-83d5757e5e276071fb0e212ebc81bd19.zip?generation=1683209978704118\u0026alt=media",
            "metadata": {},
            "name": "src-83d5757e5e276071fb0e212ebc81bd19.zip",
            "output_name": "src-83d5757e5e276071fb0e212ebc81bd19.zip",
            "self_link": "https://www.googleapis.com/storage/v1/b/gcp-function-terraform-bucket/o/src-83d5757e5e276071fb0e212ebc81bd19.zip",
            "source": "./tmp/function.zip",
            "storage_class": "STANDARD",
            "temporary_hold": false,
            "timeouts": null
          },
          "sensitive_attributes": [],
          "private": "eyJlMmJmYjczMC1lY2FhLTExZTYtOGY4OC0zNDM2M2JjN2M0YzAiOnsiY3JlYXRlIjoyNDAwMDAwMDAwMDAsImRlbGV0ZSI6MjQwMDAwMDAwMDAwLCJ1cGRhdGUiOjI0MDAwMDAwMDAwMH19",
          "dependencies": [
            "module.cloud_function.data.archive_file.source"
          ]
        }
      ]
    },
    {
      "module": "module.storage",
      "mode": "managed",
      "type": "google_storage_bucket",
      "name": "function_bucket",
      "provider": "provider[\"registry.terraform.io/hashicorp/google\"]",
      "instances": [
        {
          "schema_version": 0,
          "attributes": {
            "autoclass": [],
            "cors": [],
            "custom_placement_config": [],
            "default_event_based_hold": false,
            "encryption": [],
            "force_destroy": true,
            "id": "gcp-function-terraform-bucket",
            "labels": {},
            "lifecycle_rule": [],
            "location": "EUROPE-WEST1",
            "logging": [],
            "name": "gcp-function-terraform-bucket",
            "project": "tf-gcp-wachedecorbie-valentin",
            "public_access_prevention": "inherited",
            "requester_pays": false,
            "retention_policy": [],
            "self_link": "https://www.googleapis.com/storage/v1/b/gcp-function-terraform-bucket",
            "storage_class": "STANDARD",
            "timeouts": null,
            "uniform_bucket_level_access": true,
            "url": "gs://gcp-function-terraform-bucket",
            "versioning": [],
            "website": []
          },
          "sensitive_attributes": [],
          "private": "eyJlMmJmYjczMC1lY2FhLTExZTYtOGY4OC0zNDM2M2JjN2M0YzAiOnsiY3JlYXRlIjo2MDAwMDAwMDAwMDAsInJlYWQiOjI0MDAwMDAwMDAwMCwidXBkYXRlIjoyNDAwMDAwMDAwMDB9fQ=="
        }
      ]
    },
    {
      "module": "module.storage",
      "mode": "managed",
      "type": "google_storage_bucket",
      "name": "input_bucket",
      "provider": "provider[\"registry.terraform.io/hashicorp/google\"]",
      "instances": [
        {
          "schema_version": 0,
          "attributes": {
            "autoclass": [],
            "cors": [],
            "custom_placement_config": [],
            "default_event_based_hold": false,
            "encryption": [],
            "force_destroy": false,
            "id": "gcp-function-terraform-bucket-input",
            "labels": {},
            "lifecycle_rule": [],
            "location": "EUROPE-WEST1",
            "logging": [],
            "name": "gcp-function-terraform-bucket-input",
            "project": "tf-gcp-wachedecorbie-valentin",
            "public_access_prevention": "inherited",
            "requester_pays": false,
            "retention_policy": [],
            "self_link": "https://www.googleapis.com/storage/v1/b/gcp-function-terraform-bucket-input",
            "storage_class": "STANDARD",
            "timeouts": null,
            "uniform_bucket_level_access": false,
            "url": "gs://gcp-function-terraform-bucket-input",
            "versioning": [],
            "website": []
          },
          "sensitive_attributes": [],
          "private": "eyJlMmJmYjczMC1lY2FhLTExZTYtOGY4OC0zNDM2M2JjN2M0YzAiOnsiY3JlYXRlIjo2MDAwMDAwMDAwMDAsInJlYWQiOjI0MDAwMDAwMDAwMCwidXBkYXRlIjoyNDAwMDAwMDAwMDB9fQ=="
        }
      ]
    },
    {
      "module": "module.storage",
      "mode": "managed",
      "type": "google_storage_bucket",
      "name": "state-1",
      "provider": "provider[\"registry.terraform.io/hashicorp/google\"]",
      "instances": [
        {
          "schema_version": 0,
          "attributes": {
            "autoclass": [],
            "cors": [],
            "custom_placement_config": [],
            "default_event_based_hold": false,
            "encryption": [],
            "force_destroy": true,
            "id": "gcp-terraform-state-1-bucket",
            "labels": {},
            "lifecycle_rule": [],
            "location": "EUROPE-WEST1",
            "logging": [],
            "name": "gcp-terraform-state-1-bucket",
            "project": "tf-gcp-wachedecorbie-valentin",
            "public_access_prevention": "inherited",
            "requester_pays": false,
            "retention_policy": [],
            "self_link": "https://www.googleapis.com/storage/v1/b/gcp-terraform-state-1-bucket",
            "storage_class": "STANDARD",
            "timeouts": null,
            "uniform_bucket_level_access": true,
            "url": "gs://gcp-terraform-state-1-bucket",
            "versioning": [],
            "website": []
          },
          "sensitive_attributes": [],
          "private": "eyJlMmJmYjczMC1lY2FhLTExZTYtOGY4OC0zNDM2M2JjN2M0YzAiOnsiY3JlYXRlIjo2MDAwMDAwMDAwMDAsInJlYWQiOjI0MDAwMDAwMDAwMCwidXBkYXRlIjoyNDAwMDAwMDAwMDB9fQ=="
        }
      ]
    }
  ],
  "check_results": null
}
